# This file is automatically @generated by Poetry and should not be changed by hand.
# The known-good dependency state of the demo app. The hashes are the
# real sha256 digests of the wheels committed under examples/demo/wheels.

[[package]]
name = "brokenlib"
version = "1.0.0"
description = "depbisect demo fixture package"
optional = false
python-versions = ">=3.8"
groups = ["main"]
files = [
    {file = "brokenlib-1.0.0-py3-none-any.whl", hash = "sha256:506ab45f51bcab22be5f54474fcad0ef5a0e04de7345932dfc6b3451855e384d"},
]

[[package]]
name = "okpkg"
version = "1.0.0"
description = "depbisect demo fixture package"
optional = false
python-versions = ">=3.8"
groups = ["main"]
files = [
    {file = "okpkg-1.0.0-py3-none-any.whl", hash = "sha256:17d9f9f608327db25d6f03d91b3392d29384bcd3e4c4196f973a5dccb09ed349"},
]

# content-hash is Poetry's digest of the pyproject dependency section.
# depbisect never reads it, so this fixture leaves it zeroed rather than
# writing a number that looks computed and is not.
[metadata]
lock-version = "2.1"
python-versions = "^3.12"
content-hash = "0000000000000000000000000000000000000000000000000000000000000000"
