# This file is automatically @generated by Poetry and should not be changed by hand.
# The same lock after someone bumped both dependencies, which is the
# state the demo's working tree is left in. The hashes are the real
# sha256 digests of the wheels committed under examples/demo/wheels.

[[package]]
name = "brokenlib"
version = "2.0.0"
description = "depbisect demo fixture package"
optional = false
python-versions = ">=3.8"
groups = ["main"]
files = [
    {file = "brokenlib-2.0.0-py3-none-any.whl", hash = "sha256:ec22b496acc2cc7e7b8e3a949dcfcf1de88e8a94a59e0261dbcc1f8a02c17497"},
]

[[package]]
name = "okpkg"
version = "1.1.0"
description = "depbisect demo fixture package"
optional = false
python-versions = ">=3.8"
groups = ["main"]
files = [
    {file = "okpkg-1.1.0-py3-none-any.whl", hash = "sha256:a3e6c44e78df0cbd44413be944d9df731ef42c65868cc9012f70c6fa156764d7"},
]

# content-hash is Poetry's digest of the pyproject dependency section.
# depbisect never reads it, so this fixture leaves it zeroed rather than
# writing a number that looks computed and is not.
[metadata]
lock-version = "2.1"
python-versions = "^3.12"
content-hash = "0000000000000000000000000000000000000000000000000000000000000000"
